
Microsoft Visual Studio Solution File, Format Version 12.00
# Visual Studio 15
VisualStudioVersion = 15.0.26430.6
MinimumVisualStudioVersion = 10.0.40219.1
Project("{DA7A21FA-8162-4350-AD77-A8D1B671F3ED}") = "MAST90105 Lab", "MAST90105 Lab.rxproj", "{997E78C0-75FC-4C5F-882B-B1918D65ADF2}"
EndProject
Global
	GlobalSection(SolutionConfigurationPlatforms) = preSolution
		Debug|Any CPU = Debug|Any CPU
		Release|Any CPU = Release|Any CPU
	EndGlobalSection
	GlobalSection(ProjectConfigurationPlatforms) = postSolution
		{997E78C0-75FC-4C5F-882B-B1918D65ADF2}.Debug|Any CPU.ActiveCfg = Debug|Any CPU
		{997E78C0-75FC-4C5F-882B-B1918D65ADF2}.Debug|Any CPU.Build.0 = Debug|Any CPU
		{997E78C0-75FC-4C5F-882B-B1918D65ADF2}.Release|Any CPU.ActiveCfg = Release|Any CPU
		{997E78C0-75FC-4C5F-882B-B1918D65ADF2}.Release|Any CPU.Build.0 = Release|Any CPU
	EndGlobalSection
	GlobalSection(SolutionProperties) = preSolution
		HideSolutionNode = FALSE
	EndGlobalSection
EndGlobal
